
Microsoft Visual Studio Solution File, Format Version 12.00
# Visual Studio Version 16
VisualStudioVersion = 16.0.30503.244
MinimumVisualStudioVersion = 10.0.40219.1
Project("{8BC9CEB8-8B4A-11D0-8D11-00A0C91BC942}") = "IntroToMultiThreading", "IntroToMultiThreading\IntroToMultiThreading.vcxproj", "{EA0AFBDB-32A0-4BEA-8F29-A3B78FA018A7}"
EndProject
Project("{8BC9CEB8-8B4A-11D0-8D11-00A0C91BC942}") = "WaysToCreateThread", "WaysToCreateThread\WaysToCreateThread.vcxproj", "{C5AC7581-766E-424C-9B7C-4B4AB9C9095C}"
EndProject
Project("{8BC9CEB8-8B4A-11D0-8D11-00A0C91BC942}") = "JoinAndJoinable", "JoinAndJoinable\JoinAndJoinable.vcxproj", "{C1081395-DCC6-463A-B6FD-A3E3151E3168}"
EndProject
Project("{8BC9CEB8-8B4A-11D0-8D11-00A0C91BC942}") = "Mutex", "Mutex\Mutex.vcxproj", "{2AAC0671-BA13-4861-9BB9-E57C29204D7C}"
EndProject
Project("{8BC9CEB8-8B4A-11D0-8D11-00A0C91BC942}") = "MutexTryLock", "MutexTryLock\MutexTryLock.vcxproj", "{998A0C4C-A789-4B0E-808A-2AF7064BA2EA}"
EndProject
Project("{8BC9CEB8-8B4A-11D0-8D11-00A0C91BC942}") = "lock_guard", "lock_guard\lock_guard.vcxproj", "{516D8F07-4581-4DBE-BF31-1E879ECC8D6D}"
EndProject
Project("{8BC9CEB8-8B4A-11D0-8D11-00A0C91BC942}") = "Unique_lock", "Unique_lock\Unique_lock.vcxproj", "{8DAA648A-F18A-4296-893E-F8F66760438F}"
EndProject
Project("{8BC9CEB8-8B4A-11D0-8D11-00A0C91BC942}") = "Timed_Mutex", "Timed_Mutex\Timed_Mutex.vcxproj", "{26EB4172-638D-460E-B131-8A602D748F37}"
EndProject
Project("{8BC9CEB8-8B4A-11D0-8D11-00A0C91BC942}") = "Recursive_Mutex", "Recursive_Mutex\Recursive_Mutex.vcxproj", "{F948B0C3-671D-4758-A050-349E79DF04A1}"
EndProject
Project("{8BC9CEB8-8B4A-11D0-8D11-00A0C91BC942}") = "stdTry_Lock", "stdTry_Lock\stdTry_Lock.vcxproj", "{B2F13D59-6B2B-424A-B703-F4C3A33F86F2}"
EndProject
Project("{8BC9CEB8-8B4A-11D0-8D11-00A0C91BC942}") = "ConditionVariable", "ConditionVariable\ConditionVariable.vcxproj", "{E6DF16F0-452A-4096-86D1-1DF3CE768CED}"
EndProject
Global
	GlobalSection(SolutionConfigurationPlatforms) = preSolution
		Debug|x64 = Debug|x64
		Debug|x86 = Debug|x86
		Release|x64 = Release|x64
		Release|x86 = Release|x86
	EndGlobalSection
	GlobalSection(ProjectConfigurationPlatforms) = postSolution
		{EA0AFBDB-32A0-4BEA-8F29-A3B78FA018A7}.Debug|x64.ActiveCfg = Debug|x64
		{EA0AFBDB-32A0-4BEA-8F29-A3B78FA018A7}.Debug|x64.Build.0 = Debug|x64
		{EA0AFBDB-32A0-4BEA-8F29-A3B78FA018A7}.Debug|x86.ActiveCfg = Debug|Win32
		{EA0AFBDB-32A0-4BEA-8F29-A3B78FA018A7}.Debug|x86.Build.0 = Debug|Win32
		{EA0AFBDB-32A0-4BEA-8F29-A3B78FA018A7}.Release|x64.ActiveCfg = Release|x64
		{EA0AFBDB-32A0-4BEA-8F29-A3B78FA018A7}.Release|x64.Build.0 = Release|x64
		{EA0AFBDB-32A0-4BEA-8F29-A3B78FA018A7}.Release|x86.ActiveCfg = Release|Win32
		{EA0AFBDB-32A0-4BEA-8F29-A3B78FA018A7}.Release|x86.Build.0 = Release|Win32
		{C5AC7581-766E-424C-9B7C-4B4AB9C9095C}.Debug|x64.ActiveCfg = Debug|x64
		{C5AC7581-766E-424C-9B7C-4B4AB9C9095C}.Debug|x64.Build.0 = Debug|x64
		{C5AC7581-766E-424C-9B7C-4B4AB9C9095C}.Debug|x86.ActiveCfg = Debug|Win32
		{C5AC7581-766E-424C-9B7C-4B4AB9C9095C}.Debug|x86.Build.0 = Debug|Win32
		{C5AC7581-766E-424C-9B7C-4B4AB9C9095C}.Release|x64.ActiveCfg = Release|x64
		{C5AC7581-766E-424C-9B7C-4B4AB9C9095C}.Release|x64.Build.0 = Release|x64
		{C5AC7581-766E-424C-9B7C-4B4AB9C9095C}.Release|x86.ActiveCfg = Release|Win32
		{C5AC7581-766E-424C-9B7C-4B4AB9C9095C}.Release|x86.Build.0 = Release|Win32
		{C1081395-DCC6-463A-B6FD-A3E3151E3168}.Debug|x64.ActiveCfg = Debug|x64
		{C1081395-DCC6-463A-B6FD-A3E3151E3168}.Debug|x64.Build.0 = Debug|x64
		{C1081395-DCC6-463A-B6FD-A3E3151E3168}.Debug|x86.ActiveCfg = Debug|Win32
		{C1081395-DCC6-463A-B6FD-A3E3151E3168}.Debug|x86.Build.0 = Debug|Win32
		{C1081395-DCC6-463A-B6FD-A3E3151E3168}.Release|x64.ActiveCfg = Release|x64
		{C1081395-DCC6-463A-B6FD-A3E3151E3168}.Release|x64.Build.0 = Release|x64
		{C1081395-DCC6-463A-B6FD-A3E3151E3168}.Release|x86.ActiveCfg = Release|Win32
		{C1081395-DCC6-463A-B6FD-A3E3151E3168}.Release|x86.Build.0 = Release|Win32
		{2AAC0671-BA13-4861-9BB9-E57C29204D7C}.Debug|x64.ActiveCfg = Debug|x64
		{2AAC0671-BA13-4861-9BB9-E57C29204D7C}.Debug|x64.Build.0 = Debug|x64
		{2AAC0671-BA13-4861-9BB9-E57C29204D7C}.Debug|x86.ActiveCfg = Debug|Win32
		{2AAC0671-BA13-4861-9BB9-E57C29204D7C}.Debug|x86.Build.0 = Debug|Win32
		{2AAC0671-BA13-4861-9BB9-E57C29204D7C}.Release|x64.ActiveCfg = Release|x64
		{2AAC0671-BA13-4861-9BB9-E57C29204D7C}.Release|x64.Build.0 = Release|x64
		{2AAC0671-BA13-4861-9BB9-E57C29204D7C}.Release|x86.ActiveCfg = Release|Win32
		{2AAC0671-BA13-4861-9BB9-E57C29204D7C}.Release|x86.Build.0 = Release|Win32
		{998A0C4C-A789-4B0E-808A-2AF7064BA2EA}.Debug|x64.ActiveCfg = Debug|x64
		{998A0C4C-A789-4B0E-808A-2AF7064BA2EA}.Debug|x64.Build.0 = Debug|x64
		{998A0C4C-A789-4B0E-808A-2AF7064BA2EA}.Debug|x86.ActiveCfg = Debug|Win32
		{998A0C4C-A789-4B0E-808A-2AF7064BA2EA}.Debug|x86.Build.0 = Debug|Win32
		{998A0C4C-A789-4B0E-808A-2AF7064BA2EA}.Release|x64.ActiveCfg = Release|x64
		{998A0C4C-A789-4B0E-808A-2AF7064BA2EA}.Release|x64.Build.0 = Release|x64
		{998A0C4C-A789-4B0E-808A-2AF7064BA2EA}.Release|x86.ActiveCfg = Release|Win32
		{998A0C4C-A789-4B0E-808A-2AF7064BA2EA}.Release|x86.Build.0 = Release|Win32
		{516D8F07-4581-4DBE-BF31-1E879ECC8D6D}.Debug|x64.ActiveCfg = Debug|x64
		{516D8F07-4581-4DBE-BF31-1E879ECC8D6D}.Debug|x64.Build.0 = Debug|x64
		{516D8F07-4581-4DBE-BF31-1E879ECC8D6D}.Debug|x86.ActiveCfg = Debug|Win32
		{516D8F07-4581-4DBE-BF31-1E879ECC8D6D}.Debug|x86.Build.0 = Debug|Win32
		{516D8F07-4581-4DBE-BF31-1E879ECC8D6D}.Release|x64.ActiveCfg = Release|x64
		{516D8F07-4581-4DBE-BF31-1E879ECC8D6D}.Release|x64.Build.0 = Release|x64
		{516D8F07-4581-4DBE-BF31-1E879ECC8D6D}.Release|x86.ActiveCfg = Release|Win32
		{516D8F07-4581-4DBE-BF31-1E879ECC8D6D}.Release|x86.Build.0 = Release|Win32
		{8DAA648A-F18A-4296-893E-F8F66760438F}.Debug|x64.ActiveCfg = Debug|x64
		{8DAA648A-F18A-4296-893E-F8F66760438F}.Debug|x64.Build.0 = Debug|x64
		{8DAA648A-F18A-4296-893E-F8F66760438F}.Debug|x86.ActiveCfg = Debug|Win32
		{8DAA648A-F18A-4296-893E-F8F66760438F}.Debug|x86.Build.0 = Debug|Win32
		{8DAA648A-F18A-4296-893E-F8F66760438F}.Release|x64.ActiveCfg = Release|x64
		{8DAA648A-F18A-4296-893E-F8F66760438F}.Release|x64.Build.0 = Release|x64
		{8DAA648A-F18A-4296-893E-F8F66760438F}.Release|x86.ActiveCfg = Release|Win32
		{8DAA648A-F18A-4296-893E-F8F66760438F}.Release|x86.Build.0 = Release|Win32
		{26EB4172-638D-460E-B131-8A602D748F37}.Debug|x64.ActiveCfg = Debug|x64
		{26EB4172-638D-460E-B131-8A602D748F37}.Debug|x64.Build.0 = Debug|x64
		{26EB4172-638D-460E-B131-8A602D748F37}.Debug|x86.ActiveCfg = Debug|Win32
		{26EB4172-638D-460E-B131-8A602D748F37}.Debug|x86.Build.0 = Debug|Win32
		{26EB4172-638D-460E-B131-8A602D748F37}.Release|x64.ActiveCfg = Release|x64
		{26EB4172-638D-460E-B131-8A602D748F37}.Release|x64.Build.0 = Release|x64
		{26EB4172-638D-460E-B131-8A602D748F37}.Release|x86.ActiveCfg = Release|Win32
		{26EB4172-638D-460E-B131-8A602D748F37}.Release|x86.Build.0 = Release|Win32
		{F948B0C3-671D-4758-A050-349E79DF04A1}.Debug|x64.ActiveCfg = Debug|x64
		{F948B0C3-671D-4758-A050-349E79DF04A1}.Debug|x64.Build.0 = Debug|x64
		{F948B0C3-671D-4758-A050-349E79DF04A1}.Debug|x86.ActiveCfg = Debug|Win32
		{F948B0C3-671D-4758-A050-349E79DF04A1}.Debug|x86.Build.0 = Debug|Win32
		{F948B0C3-671D-4758-A050-349E79DF04A1}.Release|x64.ActiveCfg = Release|x64
		{F948B0C3-671D-4758-A050-349E79DF04A1}.Release|x64.Build.0 = Release|x64
		{F948B0C3-671D-4758-A050-349E79DF04A1}.Release|x86.ActiveCfg = Release|Win32
		{F948B0C3-671D-4758-A050-349E79DF04A1}.Release|x86.Build.0 = Release|Win32
		{B2F13D59-6B2B-424A-B703-F4C3A33F86F2}.Debug|x64.ActiveCfg = Debug|x64
		{B2F13D59-6B2B-424A-B703-F4C3A33F86F2}.Debug|x64.Build.0 = Debug|x64
		{B2F13D59-6B2B-424A-B703-F4C3A33F86F2}.Debug|x86.ActiveCfg = Debug|Win32
		{B2F13D59-6B2B-424A-B703-F4C3A33F86F2}.Debug|x86.Build.0 = Debug|Win32
		{B2F13D59-6B2B-424A-B703-F4C3A33F86F2}.Release|x64.ActiveCfg = Release|x64
		{B2F13D59-6B2B-424A-B703-F4C3A33F86F2}.Release|x64.Build.0 = Release|x64
		{B2F13D59-6B2B-424A-B703-F4C3A33F86F2}.Release|x86.ActiveCfg = Release|Win32
		{B2F13D59-6B2B-424A-B703-F4C3A33F86F2}.Release|x86.Build.0 = Release|Win32
		{E6DF16F0-452A-4096-86D1-1DF3CE768CED}.Debug|x64.ActiveCfg = Debug|x64
		{E6DF16F0-452A-4096-86D1-1DF3CE768CED}.Debug|x64.Build.0 = Debug|x64
		{E6DF16F0-452A-4096-86D1-1DF3CE768CED}.Debug|x86.ActiveCfg = Debug|Win32
		{E6DF16F0-452A-4096-86D1-1DF3CE768CED}.Debug|x86.Build.0 = Debug|Win32
		{E6DF16F0-452A-4096-86D1-1DF3CE768CED}.Release|x64.ActiveCfg = Release|x64
		{E6DF16F0-452A-4096-86D1-1DF3CE768CED}.Release|x64.Build.0 = Release|x64
		{E6DF16F0-452A-4096-86D1-1DF3CE768CED}.Release|x86.ActiveCfg = Release|Win32
		{E6DF16F0-452A-4096-86D1-1DF3CE768CED}.Release|x86.Build.0 = Release|Win32
	EndGlobalSection
	GlobalSection(SolutionProperties) = preSolution
		HideSolutionNode = FALSE
	EndGlobalSection
	GlobalSection(ExtensibilityGlobals) = postSolution
		SolutionGuid = {3657291A-09F7-4EC3-A1C7-A8E73FAA1D57}
	EndGlobalSection
EndGlobal
